
Microsoft Visual Studio Solution File, Format Version 12.00
# Visual Studio 15
VisualStudioVersion = 15.0.28010.2026
MinimumVisualStudioVersion = 10.0.40219.1
Project("{FAE04EC0-301F-11D3-BF4B-00C04F79EFBC}") = "LazyLoadingSample", "LazyLoadingSample\LazyLoadingSample.csproj", "{77CEF1B5-65D1-4DDB-98CE-217238813579}"
EndProject
Project("{FAE04EC0-301F-11D3-BF4B-00C04F79EFBC}") = "Infrastructure", "Infrastructure\Infrastructure.csproj", "{1C4013A3-B9B9-4271-A06E-EA6AE9886CBA}"
EndProject
Project("{FAE04EC0-301F-11D3-BF4B-00C04F79EFBC}") = "Context", "Context\Context.csproj", "{8E3037CE-D89C-4F23-A357-8A3040771D48}"
EndProject
Project("{FAE04EC0-301F-11D3-BF4B-00C04F79EFBC}") = "Repository", "Repository\Repository.csproj", "{416E6B89-FA89-459E-81C0-9064CA32B192}"
EndProject
Project("{FAE04EC0-301F-11D3-BF4B-00C04F79EFBC}") = "Model", "Model\Model.csproj", "{8FC204DB-8FEC-4A19-AE33-58A60E8D2D05}"
EndProject
Global
	GlobalSection(SolutionConfigurationPlatforms) = preSolution
		Debug|Any CPU = Debug|Any CPU
		Release|Any CPU = Release|Any CPU
	EndGlobalSection
	GlobalSection(ProjectConfigurationPlatforms) = postSolution
		{77CEF1B5-65D1-4DDB-98CE-217238813579}.Debug|Any CPU.ActiveCfg = Debug|Any CPU
		{77CEF1B5-65D1-4DDB-98CE-217238813579}.Debug|Any CPU.Build.0 = Debug|Any CPU
		{77CEF1B5-65D1-4DDB-98CE-217238813579}.Release|Any CPU.ActiveCfg = Release|Any CPU
		{77CEF1B5-65D1-4DDB-98CE-217238813579}.Release|Any CPU.Build.0 = Release|Any CPU
		{1C4013A3-B9B9-4271-A06E-EA6AE9886CBA}.Debug|Any CPU.ActiveCfg = Debug|Any CPU
		{1C4013A3-B9B9-4271-A06E-EA6AE9886CBA}.Debug|Any CPU.Build.0 = Debug|Any CPU
		{1C4013A3-B9B9-4271-A06E-EA6AE9886CBA}.Release|Any CPU.ActiveCfg = Release|Any CPU
		{1C4013A3-B9B9-4271-A06E-EA6AE9886CBA}.Release|Any CPU.Build.0 = Release|Any CPU
		{8E3037CE-D89C-4F23-A357-8A3040771D48}.Debug|Any CPU.ActiveCfg = Debug|Any CPU
		{8E3037CE-D89C-4F23-A357-8A3040771D48}.Debug|Any CPU.Build.0 = Debug|Any CPU
		{8E3037CE-D89C-4F23-A357-8A3040771D48}.Release|Any CPU.ActiveCfg = Release|Any CPU
		{8E3037CE-D89C-4F23-A357-8A3040771D48}.Release|Any CPU.Build.0 = Release|Any CPU
		{416E6B89-FA89-459E-81C0-9064CA32B192}.Debug|Any CPU.ActiveCfg = Debug|Any CPU
		{416E6B89-FA89-459E-81C0-9064CA32B192}.Debug|Any CPU.Build.0 = Debug|Any CPU
		{416E6B89-FA89-459E-81C0-9064CA32B192}.Release|Any CPU.ActiveCfg = Release|Any CPU
		{416E6B89-FA89-459E-81C0-9064CA32B192}.Release|Any CPU.Build.0 = Release|Any CPU
		{8FC204DB-8FEC-4A19-AE33-58A60E8D2D05}.Debug|Any CPU.ActiveCfg = Debug|Any CPU
		{8FC204DB-8FEC-4A19-AE33-58A60E8D2D05}.Debug|Any CPU.Build.0 = Debug|Any CPU
		{8FC204DB-8FEC-4A19-AE33-58A60E8D2D05}.Release|Any CPU.ActiveCfg = Release|Any CPU
		{8FC204DB-8FEC-4A19-AE33-58A60E8D2D05}.Release|Any CPU.Build.0 = Release|Any CPU
	EndGlobalSection
	GlobalSection(SolutionProperties) = preSolution
		HideSolutionNode = FALSE
	EndGlobalSection
	GlobalSection(ExtensibilityGlobals) = postSolution
		SolutionGuid = {91F67BAE-6BC2-43A7-A285-0A545A26212C}
	EndGlobalSection
EndGlobal
